
Microsoft Visual Studio Solution File, Format Version 12.00
# Visual Studio Version 17
VisualStudioVersion = 17.11.35327.3
MinimumVisualStudioVersion = 10.0.40219.1
Project("{FAE04EC0-301F-11D3-BF4B-00C04F79EFBC}") = "Ozyasar_Sigorta_Musteri", "Ozyasar_Sigorta_Musteri\Ozyasar_Sigorta_Musteri.csproj", "{A34F6354-877F-4888-A16A-ABF3061C1821}"
EndProject
Global
	GlobalSection(SolutionConfigurationPlatforms) = preSolution
		Debug|Any CPU = Debug|Any CPU
		Release|Any CPU = Release|Any CPU
	EndGlobalSection
	GlobalSection(ProjectConfigurationPlatforms) = postSolution
		{A34F6354-877F-4888-A16A-ABF3061C1821}.Debug|Any CPU.ActiveCfg = Debug|Any CPU
		{A34F6354-877F-4888-A16A-ABF3061C1821}.Debug|Any CPU.Build.0 = Debug|Any CPU
		{A34F6354-877F-4888-A16A-ABF3061C1821}.Release|Any CPU.ActiveCfg = Release|Any CPU
		{A34F6354-877F-4888-A16A-ABF3061C1821}.Release|Any CPU.Build.0 = Release|Any CPU
	EndGlobalSection
	GlobalSection(SolutionProperties) = preSolution
		HideSolutionNode = FALSE
	EndGlobalSection
	GlobalSection(ExtensibilityGlobals) = postSolution
		SolutionGuid = {4F90B78F-24C3-4390-8038-114442B4E28A}
	EndGlobalSection
EndGlobal
